Microsoft Visual Studio Solution File, Format Version 11.00
# Visual C++ Express 2010
Project("{8BC9CEB8-8B4A-11D0-8D11-00A0C91BC942}") = "ALL_BUILD", "ALL_BUILD.vcxproj", "{22819EFB-5480-4494-AAEE-1B89E387A4B2}"
	ProjectSection(ProjectDependencies) = postProject
		{5E0CCDBB-5A6A-4EF8-86FF-3133FD1B5AA9} = {5E0CCDBB-5A6A-4EF8-86FF-3133FD1B5AA9}
		{974B4034-8E73-4324-892E-9FD952486BF1} = {974B4034-8E73-4324-892E-9FD952486BF1}
		{E55D7C08-7689-40CA-8F11-F31146727A11} = {E55D7C08-7689-40CA-8F11-F31146727A11}
		{372D9AAD-C0F7-4F5B-8F65-08A291841C98} = {372D9AAD-C0F7-4F5B-8F65-08A291841C98}
		{9FB5C93B-4805-42EA-83F1-EDF60639422A} = {9FB5C93B-4805-42EA-83F1-EDF60639422A}
		{95E70C11-E02C-4032-BCDF-9F72A7BC7BF7} = {95E70C11-E02C-4032-BCDF-9F72A7BC7BF7}
		{4FFB6527-5B62-49CF-87C3-483F51D6FA6F} = {4FFB6527-5B62-49CF-87C3-483F51D6FA6F}
		{FBDE8E4E-4139-4E39-801B-68E5104B3CD8} = {FBDE8E4E-4139-4E39-801B-68E5104B3CD8}
	EndProjectSection
EndProject
Project("{8BC9CEB8-8B4A-11D0-8D11-00A0C91BC942}") = "OscDump", "OscDump.vcxproj", "{5E0CCDBB-5A6A-4EF8-86FF-3133FD1B5AA9}"
	ProjectSection(ProjectDependencies) = postProject
		{4FFB6527-5B62-49CF-87C3-483F51D6FA6F} = {4FFB6527-5B62-49CF-87C3-483F51D6FA6F}
		{FBDE8E4E-4139-4E39-801B-68E5104B3CD8} = {FBDE8E4E-4139-4E39-801B-68E5104B3CD8}
	EndProjectSection
EndProject
Project("{8BC9CEB8-8B4A-11D0-8D11-00A0C91BC942}") = "OscReceiveTest", "OscReceiveTest.vcxproj", "{974B4034-8E73-4324-892E-9FD952486BF1}"
	ProjectSection(ProjectDependencies) = postProject
		{4FFB6527-5B62-49CF-87C3-483F51D6FA6F} = {4FFB6527-5B62-49CF-87C3-483F51D6FA6F}
		{FBDE8E4E-4139-4E39-801B-68E5104B3CD8} = {FBDE8E4E-4139-4E39-801B-68E5104B3CD8}
	EndProjectSection
EndProject
Project("{8BC9CEB8-8B4A-11D0-8D11-00A0C91BC942}") = "OscSendTests", "OscSendTests.vcxproj", "{E55D7C08-7689-40CA-8F11-F31146727A11}"
	ProjectSection(ProjectDependencies) = postProject
		{4FFB6527-5B62-49CF-87C3-483F51D6FA6F} = {4FFB6527-5B62-49CF-87C3-483F51D6FA6F}
		{FBDE8E4E-4139-4E39-801B-68E5104B3CD8} = {FBDE8E4E-4139-4E39-801B-68E5104B3CD8}
	EndProjectSection
EndProject
Project("{8BC9CEB8-8B4A-11D0-8D11-00A0C91BC942}") = "OscUnitTests", "OscUnitTests.vcxproj", "{372D9AAD-C0F7-4F5B-8F65-08A291841C98}"
	ProjectSection(ProjectDependencies) = postProject
		{4FFB6527-5B62-49CF-87C3-483F51D6FA6F} = {4FFB6527-5B62-49CF-87C3-483F51D6FA6F}
		{FBDE8E4E-4139-4E39-801B-68E5104B3CD8} = {FBDE8E4E-4139-4E39-801B-68E5104B3CD8}
	EndProjectSection
EndProject
Project("{8BC9CEB8-8B4A-11D0-8D11-00A0C91BC942}") = "SimpleReceive", "SimpleReceive.vcxproj", "{9FB5C93B-4805-42EA-83F1-EDF60639422A}"
	ProjectSection(ProjectDependencies) = postProject
		{4FFB6527-5B62-49CF-87C3-483F51D6FA6F} = {4FFB6527-5B62-49CF-87C3-483F51D6FA6F}
		{FBDE8E4E-4139-4E39-801B-68E5104B3CD8} = {FBDE8E4E-4139-4E39-801B-68E5104B3CD8}
	EndProjectSection
EndProject
Project("{8BC9CEB8-8B4A-11D0-8D11-00A0C91BC942}") = "SimpleSend", "SimpleSend.vcxproj", "{95E70C11-E02C-4032-BCDF-9F72A7BC7BF7}"
	ProjectSection(ProjectDependencies) = postProject
		{4FFB6527-5B62-49CF-87C3-483F51D6FA6F} = {4FFB6527-5B62-49CF-87C3-483F51D6FA6F}
		{FBDE8E4E-4139-4E39-801B-68E5104B3CD8} = {FBDE8E4E-4139-4E39-801B-68E5104B3CD8}
	EndProjectSection
EndProject
Project("{8BC9CEB8-8B4A-11D0-8D11-00A0C91BC942}") = "ZERO_CHECK", "ZERO_CHECK.vcxproj", "{4FFB6527-5B62-49CF-87C3-483F51D6FA6F}"
EndProject
Project("{8BC9CEB8-8B4A-11D0-8D11-00A0C91BC942}") = "oscpack", "oscpack.vcxproj", "{FBDE8E4E-4139-4E39-801B-68E5104B3CD8}"
	ProjectSection(ProjectDependencies) = postProject
		{4FFB6527-5B62-49CF-87C3-483F51D6FA6F} = {4FFB6527-5B62-49CF-87C3-483F51D6FA6F}
	EndProjectSection
EndProject
Global
	GlobalSection(SolutionConfigurationPlatforms) = preSolution
		Debug|Win32 = Debug|Win32
		MinSizeRel|Win32 = MinSizeRel|Win32
		Release|Win32 = Release|Win32
		RelWithDebInfo|Win32 = RelWithDebInfo|Win32
	EndGlobalSection
	GlobalSection(ProjectConfigurationPlatforms) = postSolution
		{22819EFB-5480-4494-AAEE-1B89E387A4B2}.Debug|Win32.ActiveCfg = Debug|Win32
		{22819EFB-5480-4494-AAEE-1B89E387A4B2}.MinSizeRel|Win32.ActiveCfg = MinSizeRel|Win32
		{22819EFB-5480-4494-AAEE-1B89E387A4B2}.Release|Win32.ActiveCfg = Release|Win32
		{22819EFB-5480-4494-AAEE-1B89E387A4B2}.RelWithDebInfo|Win32.ActiveCfg = RelWithDebInfo|Win32
		{5E0CCDBB-5A6A-4EF8-86FF-3133FD1B5AA9}.Debug|Win32.ActiveCfg = Debug|Win32
		{5E0CCDBB-5A6A-4EF8-86FF-3133FD1B5AA9}.Debug|Win32.Build.0 = Debug|Win32
		{5E0CCDBB-5A6A-4EF8-86FF-3133FD1B5AA9}.MinSizeRel|Win32.ActiveCfg = MinSizeRel|Win32
		{5E0CCDBB-5A6A-4EF8-86FF-3133FD1B5AA9}.MinSizeRel|Win32.Build.0 = MinSizeRel|Win32
		{5E0CCDBB-5A6A-4EF8-86FF-3133FD1B5AA9}.Release|Win32.ActiveCfg = Release|Win32
		{5E0CCDBB-5A6A-4EF8-86FF-3133FD1B5AA9}.Release|Win32.Build.0 = Release|Win32
		{5E0CCDBB-5A6A-4EF8-86FF-3133FD1B5AA9}.RelWithDebInfo|Win32.ActiveCfg = RelWithDebInfo|Win32
		{5E0CCDBB-5A6A-4EF8-86FF-3133FD1B5AA9}.RelWithDebInfo|Win32.Build.0 = RelWithDebInfo|Win32
		{974B4034-8E73-4324-892E-9FD952486BF1}.Debug|Win32.ActiveCfg = Debug|Win32
		{974B4034-8E73-4324-892E-9FD952486BF1}.Debug|Win32.Build.0 = Debug|Win32
		{974B4034-8E73-4324-892E-9FD952486BF1}.MinSizeRel|Win32.ActiveCfg = MinSizeRel|Win32
		{974B4034-8E73-4324-892E-9FD952486BF1}.MinSizeRel|Win32.Build.0 = MinSizeRel|Win32
		{974B4034-8E73-4324-892E-9FD952486BF1}.Release|Win32.ActiveCfg = Release|Win32
		{974B4034-8E73-4324-892E-9FD952486BF1}.Release|Win32.Build.0 = Release|Win32
		{974B4034-8E73-4324-892E-9FD952486BF1}.RelWithDebInfo|Win32.ActiveCfg = RelWithDebInfo|Win32
		{974B4034-8E73-4324-892E-9FD952486BF1}.RelWithDebInfo|Win32.Build.0 = RelWithDebInfo|Win32
		{E55D7C08-7689-40CA-8F11-F31146727A11}.Debug|Win32.ActiveCfg = Debug|Win32
		{E55D7C08-7689-40CA-8F11-F31146727A11}.Debug|Win32.Build.0 = Debug|Win32
		{E55D7C08-7689-40CA-8F11-F31146727A11}.MinSizeRel|Win32.ActiveCfg = MinSizeRel|Win32
		{E55D7C08-7689-40CA-8F11-F31146727A11}.MinSizeRel|Win32.Build.0 = MinSizeRel|Win32
		{E55D7C08-7689-40CA-8F11-F31146727A11}.Release|Win32.ActiveCfg = Release|Win32
		{E55D7C08-7689-40CA-8F11-F31146727A11}.Release|Win32.Build.0 = Release|Win32
		{E55D7C08-7689-40CA-8F11-F31146727A11}.RelWithDebInfo|Win32.ActiveCfg = RelWithDebInfo|Win32
		{E55D7C08-7689-40CA-8F11-F31146727A11}.RelWithDebInfo|Win32.Build.0 = RelWithDebInfo|Win32
		{372D9AAD-C0F7-4F5B-8F65-08A291841C98}.Debug|Win32.ActiveCfg = Debug|Win32
		{372D9AAD-C0F7-4F5B-8F65-08A291841C98}.Debug|Win32.Build.0 = Debug|Win32
		{372D9AAD-C0F7-4F5B-8F65-08A291841C98}.MinSizeRel|Win32.ActiveCfg = MinSizeRel|Win32
		{372D9AAD-C0F7-4F5B-8F65-08A291841C98}.MinSizeRel|Win32.Build.0 = MinSizeRel|Win32
		{372D9AAD-C0F7-4F5B-8F65-08A291841C98}.Release|Win32.ActiveCfg = Release|Win32
		{372D9AAD-C0F7-4F5B-8F65-08A291841C98}.Release|Win32.Build.0 = Release|Win32
		{372D9AAD-C0F7-4F5B-8F65-08A291841C98}.RelWithDebInfo|Win32.ActiveCfg = RelWithDebInfo|Win32
		{372D9AAD-C0F7-4F5B-8F65-08A291841C98}.RelWithDebInfo|Win32.Build.0 = RelWithDebInfo|Win32
		{9FB5C93B-4805-42EA-83F1-EDF60639422A}.Debug|Win32.ActiveCfg = Debug|Win32
		{9FB5C93B-4805-42EA-83F1-EDF60639422A}.Debug|Win32.Build.0 = Debug|Win32
		{9FB5C93B-4805-42EA-83F1-EDF60639422A}.MinSizeRel|Win32.ActiveCfg = MinSizeRel|Win32
		{9FB5C93B-4805-42EA-83F1-EDF60639422A}.MinSizeRel|Win32.Build.0 = MinSizeRel|Win32
		{9FB5C93B-4805-42EA-83F1-EDF60639422A}.Release|Win32.ActiveCfg = Release|Win32
		{9FB5C93B-4805-42EA-83F1-EDF60639422A}.Release|Win32.Build.0 = Release|Win32
		{9FB5C93B-4805-42EA-83F1-EDF60639422A}.RelWithDebInfo|Win32.ActiveCfg = RelWithDebInfo|Win32
		{9FB5C93B-4805-42EA-83F1-EDF60639422A}.RelWithDebInfo|Win32.Build.0 = RelWithDebInfo|Win32
		{95E70C11-E02C-4032-BCDF-9F72A7BC7BF7}.Debug|Win32.ActiveCfg = Debug|Win32
		{95E70C11-E02C-4032-BCDF-9F72A7BC7BF7}.Debug|Win32.Build.0 = Debug|Win32
		{95E70C11-E02C-4032-BCDF-9F72A7BC7BF7}.MinSizeRel|Win32.ActiveCfg = MinSizeRel|Win32
		{95E70C11-E02C-4032-BCDF-9F72A7BC7BF7}.MinSizeRel|Win32.Build.0 = MinSizeRel|Win32
		{95E70C11-E02C-4032-BCDF-9F72A7BC7BF7}.Release|Win32.ActiveCfg = Release|Win32
		{95E70C11-E02C-4032-BCDF-9F72A7BC7BF7}.Release|Win32.Build.0 = Release|Win32
		{95E70C11-E02C-4032-BCDF-9F72A7BC7BF7}.RelWithDebInfo|Win32.ActiveCfg = RelWithDebInfo|Win32
		{95E70C11-E02C-4032-BCDF-9F72A7BC7BF7}.RelWithDebInfo|Win32.Build.0 = RelWithDebInfo|Win32
		{4FFB6527-5B62-49CF-87C3-483F51D6FA6F}.Debug|Win32.ActiveCfg = Debug|Win32
		{4FFB6527-5B62-49CF-87C3-483F51D6FA6F}.Debug|Win32.Build.0 = Debug|Win32
		{4FFB6527-5B62-49CF-87C3-483F51D6FA6F}.MinSizeRel|Win32.ActiveCfg = MinSizeRel|Win32
		{4FFB6527-5B62-49CF-87C3-483F51D6FA6F}.MinSizeRel|Win32.Build.0 = MinSizeRel|Win32
		{4FFB6527-5B62-49CF-87C3-483F51D6FA6F}.Release|Win32.ActiveCfg = Release|Win32
		{4FFB6527-5B62-49CF-87C3-483F51D6FA6F}.Release|Win32.Build.0 = Release|Win32
		{4FFB6527-5B62-49CF-87C3-483F51D6FA6F}.RelWithDebInfo|Win32.ActiveCfg = RelWithDebInfo|Win32
		{4FFB6527-5B62-49CF-87C3-483F51D6FA6F}.RelWithDebInfo|Win32.Build.0 = RelWithDebInfo|Win32
		{FBDE8E4E-4139-4E39-801B-68E5104B3CD8}.Debug|Win32.ActiveCfg = Debug|Win32
		{FBDE8E4E-4139-4E39-801B-68E5104B3CD8}.Debug|Win32.Build.0 = Debug|Win32
		{FBDE8E4E-4139-4E39-801B-68E5104B3CD8}.MinSizeRel|Win32.ActiveCfg = MinSizeRel|Win32
		{FBDE8E4E-4139-4E39-801B-68E5104B3CD8}.MinSizeRel|Win32.Build.0 = MinSizeRel|Win32
		{FBDE8E4E-4139-4E39-801B-68E5104B3CD8}.Release|Win32.ActiveCfg = Release|Win32
		{FBDE8E4E-4139-4E39-801B-68E5104B3CD8}.Release|Win32.Build.0 = Release|Win32
		{FBDE8E4E-4139-4E39-801B-68E5104B3CD8}.RelWithDebInfo|Win32.ActiveCfg = RelWithDebInfo|Win32
		{FBDE8E4E-4139-4E39-801B-68E5104B3CD8}.RelWithDebInfo|Win32.Build.0 = RelWithDebInfo|Win32
	EndGlobalSection
	GlobalSection(SolutionProperties) = preSolution
		HideSolutionNode = FALSE
	EndGlobalSection
EndGlobal
